{
  "lockfileVersion": 1,
  "configVersion": 1,
  "workspaces": {
    "": {
      "name": "ts-cloud",
      "devDependencies": {
        "better-dx": "^0.2.25",
      },
    },
    "packages/aws-types": {
      "name": "@ts-cloud/aws-types",
      "version": "0.12.1",
      "devDependencies": {
        "typescript": "^7.0.2",
      },
    },
    "packages/core": {
      "name": "@ts-cloud/core",
      "version": "0.12.1",
      "dependencies": {
        "@ts-cloud/aws-types": "workspace:*",
      },
      "devDependencies": {
        "typescript": "^7.0.2",
      },
    },
    "packages/ts-cloud": {
      "name": "@stacksjs/ts-cloud",
      "version": "0.12.1",
      "bin": {
        "cloud": "./dist/bin/cli.js",
      },
      "dependencies": {
        "@stacksjs/ts-xml": "^0.1.2",
        "@ts-cloud/aws-types": "workspace:*",
        "@ts-cloud/core": "workspace:*",
        "hash-wasm": "^4.12.0",
      },
      "devDependencies": {
        "better-dx": "^0.2.25",
        "bunfig": "^0.15.19",
      },
    },
    "packages/ui": {
      "name": "@ts-cloud/ui",
      "version": "0.12.1",
      "dependencies": {
        "@ts-charts/charts": "^0.2.7",
        "@ts-charts/graph": "^0.2.7",
      },
      "devDependencies": {
        "@stacksjs/stx": "^0.2.230",
      },
    },
  },
  "overrides": {
    "typescript": "^7.0.2",
  },
  "packages": {
    "@cwcss/crosswind": ["@cwcss/crosswind@0.2.16", "", { "dependencies": { "@stacksjs/clapp": "^0.2.0", "bunfig": "^0.15.17" }, "bin": { "crosswind": "./dist/cli.js" } }, "sha512-QgSTpcnt1seUQF2++taD5wk/H1lE3wSaybd+i9iP/syQTB2w/v2aM2U9SzYYe2ZcHA3Uxa1Sn/YvhcmHeFfuCA=="],

    "@stacksjs/bumpx": ["@stacksjs/bumpx@0.2.17", "", { "dependencies": { "@stacksjs/clapp": "^0.2.0", "@stacksjs/logsmith": "^0.2.6", "bunfig": "^0.15.6" }, "bin": { "bumpx": "./dist/bin/cli.js" } }, "sha512-ZcjaBGDQErOOIiVbbg9EI1BbdCP/+kBbh55yHkDtcCYt9ifYHxhC/xE65f80e14/00yUr/56oPK+1g7am40GaQ=="],

    "@stacksjs/bunpress": ["@stacksjs/bunpress@0.2.14", "", { "dependencies": { "@cwcss/crosswind": "^0.2.16", "@stacksjs/clapp": "^0.2.0", "@stacksjs/stx": "^0.2.171", "@stacksjs/ts-i18n": "^0.1.11", "bunfig": "^0.15.17", "ts-syntax-highlighter": "^0.2.14" }, "peerDependencies": { "@stacksjs/ts-cloud": "^0.7.51" }, "optionalPeers": ["@stacksjs/ts-cloud"], "bin": { "bunpress": "./dist/bin/cli.js" } }, "sha512-o0Bf8b7kXKSyH5xXrVrdA46gPzMVssLBnbP82t8WzF17gIveFLNW+CzEZe3n9o+Ui2wiy2+6IF5SwGfrdTtWcQ=="],

    "@stacksjs/clapp": ["@stacksjs/clapp@0.2.13", "", {}, "sha512-wh6Ybgga1S/3P+GRDb2kBiOK97+Ay7TKTiaLKfhpgd+V04+BAHg23xDlZUNkpllhoRdFimeHpWahuwghoNYbUg=="],

    "@stacksjs/clarity": ["@stacksjs/clarity@0.3.33", "", { "dependencies": { "bunfig": "^0.15.6" }, "bin": { "clarity": "./dist/bin/cli.js" } }, "sha512-+5GLKnAI/M/z64UfNLLfQqx/kp+frmRY+NZXYwwGwbrkud/xlsEGDWEExdhqOhqEDMWdb1oafw/ubGAPg1PaFw=="],

    "@stacksjs/desktop": ["@stacksjs/desktop@0.2.230", "", { "dependencies": { "craft-native": ">=0.0.55" } }, "sha512-bmwX6j4eRgnsV2oG/vYDNlG8mKsSH7mdEG4thMa3wQ/CpNR4R/O+bu0lDHLolGG3y6NpD1NQzANmaTyUGr470w=="],

    "@stacksjs/dtsx": ["@stacksjs/dtsx@0.11.10", "", { "dependencies": { "@stacksjs/clapp": "^0.2.0" }, "bin": { "dtsx": "./dist/bin/cli.js" } }, "sha512-NOSSGv7mdxzmijmKHxTZDmgZp7vCYrRKWpDwNqwTc97MTv5csjo3uukf7A/c+s7pSzJd+HxqsTCZ7IznjfEtmw=="],

    "@stacksjs/gitlint": ["@stacksjs/gitlint@0.1.8", "", { "bin": { "gitlint": "./dist/bin/cli.js" } }, "sha512-lv+Ttwwif0UR0qgRGih8/ePslcrcDLjYybmDOQE7kM2IXoaRZUFh2LhZWHbaICd3ejdGb7MNvY2emiJE7Cs+Wg=="],

    "@stacksjs/logsmith": ["@stacksjs/logsmith@0.2.11", "", { "dependencies": { "@stacksjs/clapp": "^0.2.0", "bunfig": "^0.15.6", "pickier": "^0.1.9" }, "bin": { "@stacksjs/logsmith": "./dist/bin/cli.js", "logsmith": "./dist/bin/cli.js" } }, "sha512-wqqAxewpsHVDzpC+IRy+yYyGXGlv1j5GCqYTh8fL7d3LLhnRPN72PEQywM357burtORvdkFHfOzk3Ih1SMvuiw=="],

    "@stacksjs/sanitizer": ["@stacksjs/sanitizer@0.2.230", "", {}, "sha512-pwjdX0sSQcMoeg7j9pFGuoy8cG+rKBPnChYtJPa/Z9k/deAptvlvbpuHBi7+WoIlFcFg3tmGxlk6SSfOZPf2ag=="],

    "@stacksjs/stx": ["@stacksjs/stx@0.2.230", "", { "dependencies": { "@cwcss/crosswind": "^0.2.14", "@stacksjs/clapp": "^0.2.0", "@stacksjs/desktop": "0.2.230", "@stacksjs/sanitizer": "0.2.230", "@stacksjs/ts-i18n": "^0.1.11", "bun-plugin-stx": "0.2.230", "bunfig": "^0.15.17", "stx-router": "0.2.230", "ts-broadcasting": "^0.0.9", "ts-images": "^0.2.11", "ts-syntax-highlighter": "^0.2.1" }, "bin": { "stx": "./dist/cli.js" } }, "sha512-ZoabWNKiQ++gTxir76rMlUwEHL11lQDQK+ff+qfNXqXpiFN+HeZsQH3gK47j0jF5Jfy5dhbG6jeqDcTgP7+EJg=="],

    "@stacksjs/ts-avif": ["@stacksjs/ts-avif@0.1.0", "", {}, "sha512-ytcta6ZhZeZwXJTcWlTraNLBsqL4imOfruSkJ2PwEp5RjHb4eSoqb21W4u7HLILRcILr7B1nOkIMeQct4Pozbw=="],

    "@stacksjs/ts-bmp": ["@stacksjs/ts-bmp@0.1.0", "", {}, "sha512-O02r5q35OaoLRkTLOcFCylQzY3Oeji6QebdzLBfuWt77MoS/gY/4igY53N++pUjA4uS34cHHd/P651LlCKoBeA=="],

    "@stacksjs/ts-cloud": ["@stacksjs/ts-cloud@workspace:packages/ts-cloud"],

    "@stacksjs/ts-css": ["@stacksjs/ts-css@0.1.0", "", { "dependencies": { "bunfig": "^0.15.6" }, "bin": { "ts-css": "./dist/bin/cli.js" } }, "sha512-373WvzZeXdqwi6lRwyfr05r3KOtbo4QXWPhmoGFI6NSa5ZcUEiyYJGL2KsV9mfQNTsBp+0q3wPnj1EQ/1zuieg=="],

    "@stacksjs/ts-i18n": ["@stacksjs/ts-i18n@0.1.11", "", { "dependencies": { "@stacksjs/clapp": "^0.2.9", "bunfig": "^0.15.6" }, "bin": { "i18n": "./dist/cli.js" } }, "sha512-33FM0gKdxBy6EUsUZLGAMe0D7QUZ4f/BQXRsQIyzkZgs2+juruUTevPuJGCjWSZsgJuiaBfEJn8Oq8ctuo1OWQ=="],

    "@stacksjs/ts-png": ["@stacksjs/ts-png@0.1.2", "", {}, "sha512-NT9AVCAlZiOMzcBH+OlAAUAbfTzakm/6Ibp5S31JInrpTDd+Qe3arEfatPLuMasFR9tyO+NMAFsF84MT6TK1vA=="],

    "@stacksjs/ts-spell-check": ["@stacksjs/ts-spell-check@0.1.0", "", {}, "sha512-GnrxhHh606U6e0uPoUfbyh3sWI2VCtj6IwtSS4ik8Jz7vF11WFZ4qeCnXlUSZXLLlk0ukcdpilZr4girmx7PbA=="],

    "@stacksjs/ts-svg": ["@stacksjs/ts-svg@0.1.1", "", { "dependencies": { "@stacksjs/ts-css": "^0.1.0", "@stacksjs/ts-png": "^0.1.2" }, "bin": { "svg": "dist/cli.js" } }, "sha512-jG/DC3JaWEvblsrl3X1mVFPZY+1+DEtt9ypWXuXHyWyud+CaD/MQdGRypJbRyLrT03HWx/x6TG9UOzh7GDaing=="],

    "@stacksjs/ts-webp": ["@stacksjs/ts-webp@0.1.2", "", {}, "sha512-Wefb+axmDV5cC6gO0VtW7yldPBB9IcqNoywrj4r+5g6t95ciRhZAqU/+Ho6/n7vb4kSPTzlET/YSbr5O9/wM7w=="],

    "@stacksjs/ts-xml": ["@stacksjs/ts-xml@0.1.2", "", {}, "sha512-G20EuKCmpwWwnXfFlX0kxCXnJ6ocTgBl8lcHkOzmomC8L/Ld+UKeNLlvOQf9ArnS7/SHUQ2+fZpM0t6lhwoyPw=="],

    "@ts-charts/array": ["@ts-charts/array@0.2.7", "", { "dependencies": { "@ts-charts/internmap": "0.2.7" } }, "sha512-t2kpgUPakydhJT0gIXgkHvALjqLL9h7XXbch92Tx+hkwWuPnGw07Zppr7lLQVcmIyHLAYvZMBjT9mWwEXH+PSg=="],

    "@ts-charts/axis": ["@ts-charts/axis@0.2.7", "", {}, "sha512-hi4KfDc9JsdEFf49eSZP6QjZU8E8Gg59P5WEqMjWh3HYzCH2Lv/P9LZ5mjzYWowag1GEFxO4R3b60DVoIof4Qw=="],

    "@ts-charts/brush": ["@ts-charts/brush@0.2.7", "", { "dependencies": { "@ts-charts/dispatch": "0.2.7", "@ts-charts/drag": "0.2.7", "@ts-charts/interpolate": "0.2.7", "@ts-charts/selection": "0.2.7", "@ts-charts/transition": "0.2.7" } }, "sha512-GLfTvMFpCbVr0dF1RA0khX5KpwdzXCwpQj4Mz9IqdIIJcw411gQB8KMRaBSDpciZhaLZuBQjH6y/sZ6ijdRaOw=="],

    "@ts-charts/charts": ["@ts-charts/charts@0.2.7", "", { "dependencies": { "@ts-charts/array": "0.2.7", "@ts-charts/axis": "0.2.7", "@ts-charts/brush": "0.2.7", "@ts-charts/chord": "0.2.7", "@ts-charts/color": "0.2.7", "@ts-charts/contour": "0.2.7", "@ts-charts/delaunay": "0.2.7", "@ts-charts/dispatch": "0.2.7", "@ts-charts/drag": "0.2.7", "@ts-charts/dsv": "0.2.7", "@ts-charts/ease": "0.2.7", "@ts-charts/fetch": "0.2.7", "@ts-charts/force": "0.2.7", "@ts-charts/format": "0.2.7", "@ts-charts/geo": "0.2.7", "@ts-charts/graph": "0.2.7", "@ts-charts/hierarchy": "0.2.7", "@ts-charts/interpolate": "0.2.7", "@ts-charts/path": "0.2.7", "@ts-charts/polygon": "0.2.7", "@ts-charts/quadtree": "0.2.7", "@ts-charts/random": "0.2.7", "@ts-charts/scale": "0.2.7", "@ts-charts/scale-chromatic": "0.2.7", "@ts-charts/selection": "0.2.7", "@ts-charts/shape": "0.2.7", "@ts-charts/time": "0.2.7", "@ts-charts/time-format": "0.2.7", "@ts-charts/timer": "0.2.7", "@ts-charts/transition": "0.2.7", "@ts-charts/zoom": "0.2.7" } }, "sha512-QjTI2NKJY8EcTytjCR8GjaCYNZL4wuBNBRxCg9EuriZZMT7NJxxPEpGc8X71PDm9CFgEteqEkR+iCfNae7CqJQ=="],

    "@ts-charts/chord": ["@ts-charts/chord@0.2.7", "", { "dependencies": { "@ts-charts/path": "0.2.7" } }, "sha512-ZW5PUsx0pyvgmaR5pSO7oBxiHcr8os9+cITKotuVV+t0PmvgY0xawbxe23xdF2YY+gUJh48h/6uN2JYPWNzCMA=="],

    "@ts-charts/color": ["@ts-charts/color@0.2.7", "", {}, "sha512-o2xYpCR3VHN8ytOrtTmV0Z1yACqOydLY9FySOAdua+JAk8bMzwKARDdCd0d2lcX3BGll9okzXJ3KWckqeNdlnQ=="],

    "@ts-charts/contour": ["@ts-charts/contour@0.2.7", "", { "dependencies": { "@ts-charts/array": "0.2.7" } }, "sha512-zRM6Tsp6S9sfqDbyF+HbkEaeGqinE+PApRI1NFOhcF2cAtmE4Smm41JLgiXPqbFh4+r/9t4SEB/+8ynpZMlDBQ=="],

    "@ts-charts/delaunator": ["@ts-charts/delaunator@0.2.7", "", {}, "sha512-sx9otxUPLUPzYx96onYY0L6dCMLqDTtkq2i861jhpc+trkRx+L6USH5NOB2n8A/uB/kd6B1rTsO4n16FwRWf6w=="],

    "@ts-charts/delaunay": ["@ts-charts/delaunay@0.2.7", "", { "dependencies": { "@ts-charts/delaunator": "0.2.7" } }, "sha512-gcY6uL6Di0YCdvP1/GbYGnsZ+/yR3sL0H5/bsvRw0decXvle6JuRDa5roiMbDHkdc+k6ra7TJx2mXJaG18r6uA=="],

    "@ts-charts/dispatch": ["@ts-charts/dispatch@0.2.7", "", {}, "sha512-q/HWsgqlXwywuCOdDQKOCaAp5g3NPBmqT9OFnkc3PzI8yAaIQpuuLyBGzfBmHMWYyOEScYmKeNoAr3kNtWUy1w=="],

    "@ts-charts/drag": ["@ts-charts/drag@0.2.7", "", { "dependencies": { "@ts-charts/dispatch": "0.2.7", "@ts-charts/selection": "0.2.7" } }, "sha512-TTL4IRSlD5QIkdkajALph/yDWQC2GjsF3IE2oS5ZR9Cn4egVUrVFtO2sQ2tSIjtQvVojIPYjEIRT+fsBSLGJ8A=="],

    "@ts-charts/dsv": ["@ts-charts/dsv@0.2.7", "", {}, "sha512-HHb510hAprviuT5SIB7QIGfkXGmNtzVsCqFBZRKfPjP8gpJd7XMK7KtDUKNuPl7N8EVT/FLtF8okSbEDiE1flA=="],

    "@ts-charts/ease": ["@ts-charts/ease@0.2.7", "", {}, "sha512-6s6Gm5P3NsaOxsicHIqv9nOgG6QKp4yOuzDrwQe9ZzMF14CON67NSPyCd3iYHn2IJH2hVH6ucI69sPd43DRHHA=="],

    "@ts-charts/fetch": ["@ts-charts/fetch@0.2.7", "", { "dependencies": { "@ts-charts/dsv": "0.2.7" } }, "sha512-sZQhKfenFWl5OyC0qmICL8gKlL7Vc/NFY17W5Kc48LTvvLzDa5jouDCxyqbLL3Hw/Ymj0qwcl7EwsDTuFczGng=="],

    "@ts-charts/force": ["@ts-charts/force@0.2.7", "", { "dependencies": { "@ts-charts/dispatch": "0.2.7", "@ts-charts/quadtree": "0.2.7", "@ts-charts/timer": "0.2.7" } }, "sha512-tMSQLOIwmasjKr3ljR5GLyow+0ICMtR1kWMbhT+UnU00lk9IwpaaM5+e9Glx59g/k0csx5tGmCsJGSt52u5KGA=="],

    "@ts-charts/format": ["@ts-charts/format@0.2.7", "", {}, "sha512-KcoLFIENptcSwvIf3eUIE+UYPdn2buuVHFAWMnwUGgJkWQqrHAQiCzQo7AfKAyeDKdmd9ju7ubR8WhMlxpDpXw=="],

    "@ts-charts/geo": ["@ts-charts/geo@0.2.7", "", { "dependencies": { "@ts-charts/array": "0.2.7" } }, "sha512-frMNVScDF8JXfmosfO6+cSc8zdqqWIIMOi/N+fhAOLgNnAkK0VExcQ3qOa2Y4kecEZA6jU+XmLBwIMyVk56HNA=="],

    "@ts-charts/graph": ["@ts-charts/graph@0.2.7", "", { "dependencies": { "@ts-charts/drag": "0.2.7", "@ts-charts/force": "0.2.7", "@ts-charts/selection": "0.2.7", "@ts-charts/zoom": "0.2.7" } }, "sha512-rt2AjwpEkkIsZS2tHA54ectEX88DoeR83sBRbjS6MVOOrp/lPxNt9RsnzFUXie9cFy/nmE+5WSi8o36kWzrvBg=="],

    "@ts-charts/hierarchy": ["@ts-charts/hierarchy@0.2.7", "", {}, "sha512-4q4r9WkQwzz7+O1m0QXwcxRUp3UWdBrFh1hg1sjsne1WpSLLZeELsKTdWfPIaEO/3l3Mf5g4bE7sqIShdCMdPQ=="],

    "@ts-charts/internmap": ["@ts-charts/internmap@0.2.7", "", {}, "sha512-jHCochtjMOeqF//kKqhq06c0cdzaP8fP4GRXu+YJ0h/yNkroiDOxe7N72u/7nmwc8EaQ/P5/AUZuYLM3f7wq1A=="],

    "@ts-charts/interpolate": ["@ts-charts/interpolate@0.2.7", "", { "dependencies": { "@ts-charts/color": "0.2.7" } }, "sha512-AnrvXYDYj3c2fi6gXYj8bDQ1eMetuSjZeN8mGtnpBk9qFV66GcJ2O1sDpsZ5RKcsDB5sXRNiJVSLVNStvileBg=="],

    "@ts-charts/path": ["@ts-charts/path@0.2.7", "", {}, "sha512-UhdgP5Inw8I/7wzKyJZxFQGSqxNVpek26alW3MtvY9OuCk0V10zUQc1s3XwNE6JqS6ZB8XEoUoYRx1zSS/6I6Q=="],

    "@ts-charts/polygon": ["@ts-charts/polygon@0.2.7", "", {}, "sha512-wmhGsiugxZs9962GXMchvMu25nnWX/RkrQnkaqN9PU+bg4zj69qt4+q4OnkLnNw+Y/FxtzDhsUkRlfC8mIYbvw=="],

    "@ts-charts/quadtree": ["@ts-charts/quadtree@0.2.7", "", {}, "sha512-ZB2FDGCiKEmyNO42U2glinGhqOUxyUoMx75ZHhkVrnwEcQYyszzc1rDMHrabN/EdJDwk2ZUCIrHiplKbIfNOhQ=="],

    "@ts-charts/random": ["@ts-charts/random@0.2.7", "", {}, "sha512-9C9YMEjZfAIrLVRQZQqPdDLWrXrjYra3/UvM3Dzy1LjV+odFCmzaD7p6Hd/m89D3kVq9vVIzzsrC1uenRqNGGg=="],

    "@ts-charts/scale": ["@ts-charts/scale@0.2.7", "", { "dependencies": { "@ts-charts/array": "0.2.7", "@ts-charts/format": "0.2.7", "@ts-charts/interpolate": "0.2.7", "@ts-charts/time": "0.2.7", "@ts-charts/time-format": "0.2.7" } }, "sha512-+4Amy6bUzYwrN8O4V7QTwZxUR25OCA/CeQ+QN39b2NDyNBovVqInjV7riyd7IQ1xikZRZw3L8DYYu53YRuuAlA=="],

    "@ts-charts/scale-chromatic": ["@ts-charts/scale-chromatic@0.2.7", "", { "dependencies": { "@ts-charts/color": "0.2.7", "@ts-charts/interpolate": "0.2.7" } }, "sha512-JGX0I+6nRfXfb8v+hHcXuCvyH025aEtlur+YxAEHdIu2hEAZOFQ8RIoqq+SCWnA9wQiqECOBM0hAFEOvFlnZaA=="],

    "@ts-charts/selection": ["@ts-charts/selection@0.2.7", "", {}, "sha512-Ut/XPYe3bz//4yGWLt1LLYaNzsL3c+MOxlOnE9opo0RNefVOpZooixXNz1B7FnbDN005/bk3O5y9kNeky3KxqQ=="],

    "@ts-charts/shape": ["@ts-charts/shape@0.2.7", "", { "dependencies": { "@ts-charts/path": "0.2.7" } }, "sha512-nmM3nFR2+d3TVAZc6l5EuOwae1ewLCi3mWVD0YiIOPSJD6gKUhTN6rAyKC9+JkdjKp7OQZ70cy5MA5Lh3uOAxg=="],

    "@ts-charts/time": ["@ts-charts/time@0.2.7", "", { "dependencies": { "@ts-charts/array": "0.2.7" } }, "sha512-F29FO5Ktob8Y7P5+CQd34LIK1CFdYnMmiWl8HdBt3YsQXUUw/JQWrgdPXmjA1O0beEl/VC4HZYUrgLRq4zKsdA=="],

    "@ts-charts/time-format": ["@ts-charts/time-format@0.2.7", "", { "dependencies": { "@ts-charts/time": "0.2.7" } }, "sha512-iYipyprcy3V9P7lz6SwYt5zXCGI2VoGE2fXuCmVQ22g5sS7jPP+9odiOQQKhQYS44mX2+mIuPeSWfR5mGg160Q=="],

    "@ts-charts/timer": ["@ts-charts/timer@0.2.7", "", {}, "sha512-mg2RBEuZkUvGIyiP0H4cY3RPDJs/+YwjZyl0IDKMG7lvc9t/aBuc18412T0YIXm/9mh8wLN6eZfyz+u204YLxA=="],

    "@ts-charts/transition": ["@ts-charts/transition@0.2.7", "", { "dependencies": { "@ts-charts/color": "0.2.7", "@ts-charts/dispatch": "0.2.7", "@ts-charts/ease": "0.2.7", "@ts-charts/interpolate": "0.2.7", "@ts-charts/selection": "0.2.7", "@ts-charts/timer": "0.2.7" } }, "sha512-NmA3/Oy6bNcLrfjUTTpnXEuZ49p6sDNX0W3XUDmUS0S3xEH/GaEcPwBDiSFlpBmn4SlglVczJcgBrTL4JNmtgQ=="],

    "@ts-charts/zoom": ["@ts-charts/zoom@0.2.7", "", { "dependencies": { "@ts-charts/dispatch": "0.2.7", "@ts-charts/drag": "0.2.7", "@ts-charts/interpolate": "0.2.7", "@ts-charts/selection": "0.2.7", "@ts-charts/transition": "0.2.7" } }, "sha512-xJ5YQC3zY/93Q5OHb7cmSrtBKPpvOeCET9Z8KJzHlE34eIuSjCNjS2oxd3Pn+4gRhV3type+YonzujZ+QnDwzQ=="],

    "@ts-cloud/aws-types": ["@ts-cloud/aws-types@workspace:packages/aws-types"],

    "@ts-cloud/core": ["@ts-cloud/core@workspace:packages/core"],

    "@ts-cloud/ui": ["@ts-cloud/ui@workspace:packages/ui"],

    "@types/bun": ["@types/bun@1.3.14", "", { "dependencies": { "bun-types": "1.3.14" } }, "sha512-h1hFqFVcvAvD9j9K7ZW7vd82aSA+rTdznZa+5bwvCwqSB1jmmfLcbIWhOLx1/+boy/xmjgCs/OMUL8hRJSmnPw=="],

    "@types/node": ["@types/node@26.1.1", "", { "dependencies": { "undici-types": "~8.3.0" } }, "sha512-nxAkRSVkN1Y0JC1W8ky/fTfkGsMmcrRsbx+3XoZE+rMOX71kLYTV7fLXpqud1GpbpP5TuffXFqfX7fH2GgZREw=="],

    "@typescript/typescript-aix-ppc64": ["@typescript/typescript-aix-ppc64@7.0.2", "", { "os": "aix", "cpu": "ppc64" }, "sha512-MTKKkWB7p/0E9xi1d1tHtZ5PiLkGEMIq88pK2CubZjOsLtYTLqhgIgi6zepFa+9GHZ6h05NMCkQxGKiPXMxXtQ=="],

    "@typescript/typescript-darwin-arm64": ["@typescript/typescript-darwin-arm64@7.0.2", "", { "os": "darwin", "cpu": "arm64" }, "sha512-gowzar9MwS/aRWp6f3a4KUqzRjAZjOsmGNCM6LcTgXum+dBfgsBVMN+AgvOCCbguXyick6LJhpBszxMebJ8syA=="],

    "@typescript/typescript-darwin-x64": ["@typescript/typescript-darwin-x64@7.0.2", "", { "os": "darwin", "cpu": "x64" }, "sha512-SZ9xZInqApNlNGc9s0W1VSsktYSOe9cFqNOIqmN1Gs8SmkjKZYFt017G4VwPxASInODuAdbTW7sXiFUf893RgA=="],

    "@typescript/typescript-freebsd-arm64": ["@typescript/typescript-freebsd-arm64@7.0.2", "", { "os": "freebsd", "cpu": "arm64" }, "sha512-W5NH4y/J0plIIS5b2xvTEkU7JFxyqdMAOgf+Ilhl0vHQXKO5dZoxd+C/jEtq56c4F3wk71RB4BMRQ2XdI+bwYQ=="],

    "@typescript/typescript-freebsd-x64": ["@typescript/typescript-freebsd-x64@7.0.2", "", { "os": "freebsd", "cpu": "x64" }, "sha512-UMGDx5sTpzNw3WiPebH7l90IWfJggEd+egHt/q6p7/Cm3zqoV7VxkGXt+3DxPIw8CcmvAB0j3sVVfbhX+M4Tpw=="],

    "@typescript/typescript-linux-arm": ["@typescript/typescript-linux-arm@7.0.2", "", { "os": "linux", "cpu": "arm" }, "sha512-gffT3xPz9sR7j/YJExkyPntrI0P2EP9XbOyWzth2/Gs0RstK+90RBcO0ncXoXy/beYll1SXw846Nf2zdnEz0QQ=="],

    "@typescript/typescript-linux-arm64": ["@typescript/typescript-linux-arm64@7.0.2", "", { "os": "linux", "cpu": "arm64" }, "sha512-Qh4eU4/y3yDjnfjjyPYihMj5/ODIlmt+Bzu17OI+fiSRDW57QmU5SiN63exPRNJPKUzcc1INa1NXdrJ+MqHjUQ=="],

    "@typescript/typescript-linux-loong64": ["@typescript/typescript-linux-loong64@7.0.2", "", { "os": "linux", "cpu": "none" }, "sha512-uEHck9i8hoAzXPiYRib1O7miOnz23SxIeVl6F4LXox+qov1K35jHcEW6VHKvZI+pyvl7fZEP4MCU5LYvIq1GuQ=="],

    "@typescript/typescript-linux-mips64el": ["@typescript/typescript-linux-mips64el@7.0.2", "", { "os": "linux", "cpu": "none" }, "sha512-R4KvAMnE43W5Qeqb0Ly56O3mWMWIAgsMyz36DCaycd5nbg/9kzm0liw3JocfRqyJY0KPmzFjbswozXyW0DnIYA=="],

    "@typescript/typescript-linux-ppc64": ["@typescript/typescript-linux-ppc64@7.0.2", "", { "os": "linux", "cpu": "ppc64" }, "sha512-DORx5b3sd/4S7eayxm4FQv+A7CrkUIGRaHiwI8oiHTAI1fAPWhF4J0vAlkC8biAlHSVVwxMQ3tjZ2/DVbnQiiA=="],

    "@typescript/typescript-linux-riscv64": ["@typescript/typescript-linux-riscv64@7.0.2", "", { "os": "linux", "cpu": "none" }, "sha512-wf0jqEDOjrPRnKwYRyyJDRo11KMbvMFrU+q4zqKyChODBzvlkbhNQfKvLxQCcwTpdDaXSHZTVuh0JoCrKCUMHQ=="],

    "@typescript/typescript-linux-s390x": ["@typescript/typescript-linux-s390x@7.0.2", "", { "os": "linux", "cpu": "s390x" }, "sha512-IkwJc3L7yhytWd/ewjyxNDfOmswCm9GWMJT/ue/dU4aZNbwZeYAetq42VyLmsmSjvoX7z74X6ZaYCtzAr0EuGw=="],

    "@typescript/typescript-linux-x64": ["@typescript/typescript-linux-x64@7.0.2", "", { "os": "linux", "cpu": "x64" }, "sha512-EYdf2cNg7rgCWJnxCdJ+F3V39O8ihb37eHAu1LK8oAFizgTQbPOK7zHHXbPt8rX24COqODXeI3sIf0fCXG7H/A=="],

    "@typescript/typescript-netbsd-arm64": ["@typescript/typescript-netbsd-arm64@7.0.2", "", { "os": "none", "cpu": "arm64" }, "sha512-+polYF4MF04aPpO5FTkHran9yUQDSXqy5GiSDKpsll5jy3l3+g9QLhpf39T+ePtefhXLOGrLl0QIjkQP6VnelA=="],

    "@typescript/typescript-netbsd-x64": ["@typescript/typescript-netbsd-x64@7.0.2", "", { "os": "none", "cpu": "x64" }, "sha512-8YIT0EHM/3dq10ZOVF/A7pc/YSMtbcecct4rWtexrnSCHOPcpC2KTLXfTCR6vDpnSiY12heNb1GiN/wu+T/FyA=="],

    "@typescript/typescript-openbsd-arm64": ["@typescript/typescript-openbsd-arm64@7.0.2", "", { "os": "openbsd", "cpu": "arm64" }, "sha512-APT8+ClYnuYm1u9+kgGXoMj2VzWzcymwh2gNSQVySHfkRDGOTVkoWLjCmOQSaO+PoqQ57B0flRp9SA+7GnnkzQ=="],

    "@typescript/typescript-openbsd-x64": ["@typescript/typescript-openbsd-x64@7.0.2", "", { "os": "openbsd", "cpu": "x64" }, "sha512-yX7s+Q0Dln0Dt9tEzZsAjXXR/+ytBM7AlglaqyeMPxQszJ1JhlJdZ6jLA+IzldHtflX81em7lDao1xXu+aRRkg=="],

    "@typescript/typescript-sunos-x64": ["@typescript/typescript-sunos-x64@7.0.2", "", { "os": "sunos", "cpu": "x64" }, "sha512-dLJDGaLZ1D4HPQn62u1n8mBDkJREwMsAkCdkwd4Ieqw+x3TUyTsqY0YiBCtE6H6OzzgGk3iuZ3vFWRS+E8/d1g=="],

    "@typescript/typescript-win32-arm64": ["@typescript/typescript-win32-arm64@7.0.2", "", { "os": "win32", "cpu": "arm64" }, "sha512-Gyl1Vy6OsWesLzmq+EP0Fb7b4Nid5232AvcA2SFcdYreldpNtYFFofPjnt62y9hQy7VTaZp65ICJjuAQRaVcIQ=="],

    "@typescript/typescript-win32-x64": ["@typescript/typescript-win32-x64@7.0.2", "", { "os": "win32", "cpu": "x64" }, "sha512-0BQ3HkAHHlKLSp1qRvf3SUhGpGsDuhB/jgFw75guyqbxJqEaS0Cw/VFO8i2nHglJUzQCRtMMR/IBAKE3ETMC4g=="],

    "better-dx": ["better-dx@0.2.25", "", { "dependencies": { "@stacksjs/bumpx": "^0.2.14", "@stacksjs/bunpress": "^0.2.8", "@stacksjs/clapp": "^0.2.12", "@stacksjs/clarity": "^0.3.31", "@stacksjs/gitlint": "^0.1.7", "@stacksjs/logsmith": "^0.2.6", "@types/bun": "^1.3.14", "buddy-bot": "^0.10.5", "bun-git-hooks": "^0.3.2", "bun-plugin-dtsx": "^0.11.1", "bunfig": "^0.15.15", "pickier": "^0.1.40", "ts-error-handling": "^0.1.3", "typescript": "^7.0.2" } }, "sha512-7GQ3EDXDwdZbpzwqWrOC2kzKkfw2Ptd30Bl1VlLS1SV82MvU5VIYXtGsRcJ5+6M17n9hQwGuT2TGEZEaWgZQaw=="],

    "buddy-bot": ["buddy-bot@0.10.5", "", { "dependencies": { "prompts": "^2.4.2", "ts-pantry": "^0.11.32" }, "peerDependencies": { "@anthropic-ai/sdk": "^0.117.1" }, "optionalPeers": ["@anthropic-ai/sdk"], "bin": { "buddy-bot": "./dist/bin/cli.js" } }, "sha512-pGyjHSi91Nix76u1VIVLEYEV6vkTVKvKS9NvRYbyGR6X6CdZQrvHcmJLfGqjN/4xuUWc4h6rlVpkiwG6MOo/6Q=="],

    "bun-git-hooks": ["bun-git-hooks@0.3.2", "", { "bin": { "git-hooks": "./dist/bin/cli.js", "bun-git-hooks": "./dist/bin/cli.js" } }, "sha512-cHkmB7sxmtPNekzG0nGXqbN8Q+dZf4muvV4eCB8dBCduW1DHR+4YulKinPUk/C6Rogy+JMyL1ysVVVWwZobwZw=="],

    "bun-plugin-dtsx": ["bun-plugin-dtsx@0.11.10", "", { "dependencies": { "@stacksjs/dtsx": "0.11.10" } }, "sha512-qQrEBIV1pzhDmrxmhTHhgVK5gqE5CfpO8C9NCp7zUaN48c4IJVrpqXbeNWch7sAT/Hf4GhVMWau7T65xySm59Q=="],

    "bun-plugin-stx": ["bun-plugin-stx@0.2.230", "", { "dependencies": { "@stacksjs/stx": "^0.2.227", "stx-router": "^0.2.227" }, "bin": { "serve": "./dist/serve.js", "stx-serve": "./dist/serve.js" } }, "sha512-HishQ01gFVzwf4rvL8gk8IJPOmLB/nw+xiX4qzck7700/9Cjp5l3yLHT/WhDliowOpytQ9ifDI4TbQgio6lasQ=="],

    "bun-types": ["bun-types@1.3.14", "", { "dependencies": { "@types/node": "*" } }, "sha512-4N0ig0fEomHt5R0KCFWjovxow98rIoRwKolrYdCcknNwMekCXRnWEUvgu5soYV8QXtVsrUD8B95MBOZGPvr6KQ=="],

    "bunfig": ["bunfig@0.15.19", "", { "dependencies": { "@stacksjs/clarity": "^0.3.24" }, "bin": { "bunfig": "./dist/cli.js" } }, "sha512-Ig302A74YUmagywXX1Dl8hXNdwjq/MIlB1TBVRduO6kGTMjkFQsxS3LimTFBNEThWypc/JS6cv4+TLeRAl2RGw=="],

    "craft-native": ["craft-native@0.0.55", "", { "bin": { "craft-sdk": "dist/cli.js" } }, "sha512-qFekhPhVKRqsMJLaX9zTDQCq03ciVYvARoiBJYtFfFiQuf/uwBWEfhlez5pjKLnX4PVuQhsZM2PwG+NLdoxvbQ=="],

    "data-uri-to-buffer": ["data-uri-to-buffer@6.0.2", "", {}, "sha512-7hvf7/GW8e86rW0ptuwS3OcBGDjIi6SZva7hCyWC0yYry2cOPmLIjXAUHI6DK2HsnwJd9ifmt57i8eV2n4YNpw=="],

    "hash-wasm": ["hash-wasm@4.12.0", "", {}, "sha512-+/2B2rYLb48I/evdOIhP+K/DD2ca2fgBjp6O+GBEnCDk2e4rpeXIK8GvIyRPjTezgmWn9gmKwkQjjx6BtqDHVQ=="],

    "kleur": ["kleur@3.0.3", "", {}, "sha512-eTIzlVOSUR+JxdDFepEYcBMtZ9Qqdef+rnzWdRZuMbOywu5tO2w2N7rqjoANZ5k9vywhL6Br1VRjUIgTQx4E8w=="],

    "pickier": ["pickier@0.1.65", "", { "dependencies": { "@stacksjs/clapp": "^0.2.3", "@stacksjs/clarity": "^0.3.24" }, "optionalDependencies": { "@stacksjs/ts-spell-check": "^0.1.0" }, "bin": { "pickier": "./dist/bin/cli.js" } }, "sha512-hpGKvrWwzzHeV3hMErtnZoGRD/5Wmvy9sKxxHAWvMMdmdzr2DMtuk2T8Vkr8ZoUCNeTKRRPgHTMHg0oCNxDnDA=="],

    "prompts": ["prompts@2.4.2", "", { "dependencies": { "kleur": "^3.0.3", "sisteransi": "^1.0.5" } }, "sha512-NxNv/kLguCA7p3jE8oL2aEBsrJWgAakBpgmgK6lpPWV+WuOmY6r2/zbAVnP+T8bQlA0nzHXSJSJW0Hq7ylaD2Q=="],

    "sisteransi": ["sisteransi@1.0.5", "", {}, "sha512-bLGGlR1QxBcynn2d5YmDX4MGjlZvy2MRBDRNHLJ8VI6l6+9FUiyTFNJ0IveOSP0bcXgVDPRcfGqA0pjaqUpfVg=="],

    "stx-router": ["stx-router@0.2.230", "", {}, "sha512-sOHgiAbnjXt7NxIXq7yyYiUVZMvNn89P5p++djdpKCgyk+RolNfXw+o7gfO5+JLCO4E6GAwEbWNjx1x/1mc0BQ=="],

    "ts-broadcasting": ["ts-broadcasting@0.0.9", "", { "bin": { "broadcast": "./dist/bin/cli.js" } }, "sha512-OA95bHPe3M/24Gx8FpbUV0+NzGwvemG2LP64s1p/zATagX8xJckeziru03ccjW0ExWaD+W5tC1GRIqS6lfbB4A=="],

    "ts-error-handling": ["ts-error-handling@0.1.3", "", {}, "sha512-Agm8wbQL1YVvnffVDSUKMgImZBoR4UVFjzPaIwPxa0z7YwsowKV8R57pCDIjLP/dTHRBetg7ZfdTeuNVb21OfA=="],

    "ts-gif": ["ts-gif@0.1.2", "", { "dependencies": { "data-uri-to-buffer": "^6.0.2" } }, "sha512-jbraplO1qqJtrtkFeepNPUGPad7w8FQHWIQFsn1OJbHeWKUbdqdkrX18XzNXI5Fw7+s6A3nbNTdj+Ukn4d3f8g=="],

    "ts-images": ["ts-images@0.2.12", "", { "dependencies": { "@stacksjs/ts-avif": "^0.1.0", "@stacksjs/ts-bmp": "^0.1.0", "@stacksjs/ts-png": "^0.1.2", "@stacksjs/ts-svg": "^0.1.1", "@stacksjs/ts-webp": "^0.1.2", "ts-gif": "^0.1.2", "ts-jpeg": "^0.3.1" }, "bin": { "imgx": "./dist/bin/cli.js" } }, "sha512-HdwJocQhIql9HI53Nl0pOLndYAkrlwxSxxUqU1WX/VITf0nrPNxQGzRH1dKy80hmqGQmSvPqX0O3UagNSSBQjw=="],

    "ts-jpeg": ["ts-jpeg@0.3.1", "", {}, "sha512-KIGTJj4UIlkGoCFEofx8jHHQEkJfSLFJY0MHz60Mu4Scjrcj7K/0UJGCbL9QvfIaFGAOGdf0xNFpYSuzUpimwA=="],

    "ts-pantry": ["ts-pantry@0.11.43", "", { "bin": { "ts-pantry": "./dist/bin/cli.js" } }, "sha512-YIJLR2FzLfzcfKJATaPf4pPzSRTWXW/RRKvBzGLMFZRA4dLK+SbwUEf32qTyxpLv6/ir1UdJhtcUeYMHfxn59g=="],

    "ts-syntax-highlighter": ["ts-syntax-highlighter@0.2.17", "", { "bin": { "ts-syntax-highlighter": "./dist/bin/cli.js" } }, "sha512-cHxkTRvqYabO9axIrw6KUkMweIHzXmVmcVmO+Yi2NEa9nxQa15zoISvvlKYPzK4OLsUS5I4uVaLz0Oivc3oOSw=="],

    "typescript": ["typescript@7.0.2", "", { "optionalDependencies": { "@typescript/typescript-aix-ppc64": "7.0.2", "@typescript/typescript-darwin-arm64": "7.0.2", "@typescript/typescript-darwin-x64": "7.0.2", "@typescript/typescript-freebsd-arm64": "7.0.2", "@typescript/typescript-freebsd-x64": "7.0.2", "@typescript/typescript-linux-arm": "7.0.2", "@typescript/typescript-linux-arm64": "7.0.2", "@typescript/typescript-linux-loong64": "7.0.2", "@typescript/typescript-linux-mips64el": "7.0.2", "@typescript/typescript-linux-ppc64": "7.0.2", "@typescript/typescript-linux-riscv64": "7.0.2", "@typescript/typescript-linux-s390x": "7.0.2", "@typescript/typescript-linux-x64": "7.0.2", "@typescript/typescript-netbsd-arm64": "7.0.2", "@typescript/typescript-netbsd-x64": "7.0.2", "@typescript/typescript-openbsd-arm64": "7.0.2", "@typescript/typescript-openbsd-x64": "7.0.2", "@typescript/typescript-sunos-x64": "7.0.2", "@typescript/typescript-win32-arm64": "7.0.2", "@typescript/typescript-win32-x64": "7.0.2" }, "bin": { "tsc": "bin/tsc" } }, "sha512-8FYau96o3NKOhbjKi/qNvG/W5jhzxkbdm5sj9AbZ/5T5sWqn3hJgLfGx27sRKZWTvyzCP8dLRBTf5tBTSRVUNA=="],

    "undici-types": ["undici-types@8.3.0", "", {}, "sha512-j375ScV60dom+YkPFIfTLcOiPxkN/buHz5GobjLhixFuANaNs3C9l4GmrWqejgXWJ7BbJcFYpTEUkS1Ge8bpZQ=="],

    "@cwcss/crosswind/@stacksjs/clapp": ["@stacksjs/clapp@0.2.10", "", {}, "sha512-l/2F0u5ihpae8R4kJ3Pdh6tV7aEpSxu6hCyafhw38Fl9+x2YKxZfUK+fF/G5AVwSzJar3dkKuMxbMcQ0PXKGRg=="],

    "@stacksjs/ts-css/bunfig": ["bunfig@0.15.14", "", { "dependencies": { "@stacksjs/clapp": "^0.2.0", "@stacksjs/clarity": "^0.3.24" }, "bin": { "bunfig": "./bin/cli.js" } }, "sha512-9yzw5/MkTBF3X8Dc96DJUPpZDl/jIAYVlY6XxGrP8+o5fEf8sGgoIc53GkSFucyMoqC5jF1qM++3bD1LL7/N1Q=="],

    "@stacksjs/ts-i18n/@stacksjs/clapp": ["@stacksjs/clapp@0.2.10", "", {}, "sha512-l/2F0u5ihpae8R4kJ3Pdh6tV7aEpSxu6hCyafhw38Fl9+x2YKxZfUK+fF/G5AVwSzJar3dkKuMxbMcQ0PXKGRg=="],

    "@stacksjs/ts-i18n/bunfig": ["bunfig@0.15.14", "", { "dependencies": { "@stacksjs/clapp": "^0.2.0", "@stacksjs/clarity": "^0.3.24" }, "bin": { "bunfig": "./bin/cli.js" } }, "sha512-9yzw5/MkTBF3X8Dc96DJUPpZDl/jIAYVlY6XxGrP8+o5fEf8sGgoIc53GkSFucyMoqC5jF1qM++3bD1LL7/N1Q=="],

    "@stacksjs/ts-css/bunfig/@stacksjs/clapp": ["@stacksjs/clapp@0.2.10", "", {}, "sha512-l/2F0u5ihpae8R4kJ3Pdh6tV7aEpSxu6hCyafhw38Fl9+x2YKxZfUK+fF/G5AVwSzJar3dkKuMxbMcQ0PXKGRg=="],

    "@stacksjs/ts-css/bunfig/@stacksjs/clarity": ["@stacksjs/clarity@0.3.28", "", { "dependencies": { "bunfig": "^0.15.6" }, "bin": { "clarity": "./dist/bin/cli.js" } }, "sha512-SElzGeDewEbp0c4C8PTfdvi/Xtr1HGAjG6b0prHvkVxyYGM+2R0BFU0otUmy+DbR7wsfZ4rNU3YN1+JK/CzoTw=="],

    "@stacksjs/ts-i18n/bunfig/@stacksjs/clarity": ["@stacksjs/clarity@0.3.28", "", { "dependencies": { "bunfig": "^0.15.6" }, "bin": { "clarity": "./dist/bin/cli.js" } }, "sha512-SElzGeDewEbp0c4C8PTfdvi/Xtr1HGAjG6b0prHvkVxyYGM+2R0BFU0otUmy+DbR7wsfZ4rNU3YN1+JK/CzoTw=="],
  }
}
